
Microsoft Visual Studio Solution File, Format Version 12.00
# Visual Studio Version 17
VisualStudioVersion = 17.5.33516.290
MinimumVisualStudioVersion = 10.0.40219.1
Project("{FAE04EC0-301F-11D3-BF4B-00C04F79EFBC}") = "CachingDistributed", "CachingDistributed\CachingDistributed.csproj", "{314D6E89-BDBD-4D53-87D0-25B3D9E603DE}"
EndProject
Project("{FAE04EC0-301F-11D3-BF4B-00C04F79EFBC}") = "RedisPubSubPublisher", "RedisPubSubPublisher\RedisPubSubPublisher.csproj", "{25EB6463-B5BD-450E-96F0-F5EB851C9F3C}"
EndProject
Project("{FAE04EC0-301F-11D3-BF4B-00C04F79EFBC}") = "RedisPubSubSubscriber", "RedisPubSubSubscriber\RedisPubSubSubscriber.csproj", "{B35DA1BE-C30A-4C07-B18D-46C5B343C951}"
EndProject
Global
	GlobalSection(SolutionConfigurationPlatforms) = preSolution
		Debug|Any CPU = Debug|Any CPU
		Release|Any CPU = Release|Any CPU
	EndGlobalSection
	GlobalSection(ProjectConfigurationPlatforms) = postSolution
		{314D6E89-BDBD-4D53-87D0-25B3D9E603DE}.Debug|Any CPU.ActiveCfg = Debug|Any CPU
		{314D6E89-BDBD-4D53-87D0-25B3D9E603DE}.Debug|Any CPU.Build.0 = Debug|Any CPU
		{314D6E89-BDBD-4D53-87D0-25B3D9E603DE}.Release|Any CPU.ActiveCfg = Release|Any CPU
		{314D6E89-BDBD-4D53-87D0-25B3D9E603DE}.Release|Any CPU.Build.0 = Release|Any CPU
		{25EB6463-B5BD-450E-96F0-F5EB851C9F3C}.Debug|Any CPU.ActiveCfg = Debug|Any CPU
		{25EB6463-B5BD-450E-96F0-F5EB851C9F3C}.Debug|Any CPU.Build.0 = Debug|Any CPU
		{25EB6463-B5BD-450E-96F0-F5EB851C9F3C}.Release|Any CPU.ActiveCfg = Release|Any CPU
		{25EB6463-B5BD-450E-96F0-F5EB851C9F3C}.Release|Any CPU.Build.0 = Release|Any CPU
		{B35DA1BE-C30A-4C07-B18D-46C5B343C951}.Debug|Any CPU.ActiveCfg = Debug|Any CPU
		{B35DA1BE-C30A-4C07-B18D-46C5B343C951}.Debug|Any CPU.Build.0 = Debug|Any CPU
		{B35DA1BE-C30A-4C07-B18D-46C5B343C951}.Release|Any CPU.ActiveCfg = Release|Any CPU
		{B35DA1BE-C30A-4C07-B18D-46C5B343C951}.Release|Any CPU.Build.0 = Release|Any CPU
	EndGlobalSection
	GlobalSection(SolutionProperties) = preSolution
		HideSolutionNode = FALSE
	EndGlobalSection
	GlobalSection(ExtensibilityGlobals) = postSolution
		SolutionGuid = {E539E258-46B7-4E41-A076-AB7446D069F3}
	EndGlobalSection
EndGlobal
